
Microsoft Visual Studio Solution File, Format Version 12.00
# Visual Studio 15
VisualStudioVersion = 15.0.28307.106
MinimumVisualStudioVersion = 10.0.40219.1
Project("{FAE04EC0-301F-11D3-BF4B-00C04F79EFBC}") = "MOIRO SRV", "MOIRO SRV\MOIRO SRV.csproj", "{1DA2C7F2-D366-4C98-9EED-05B3B3545459}"
EndProject
Global
	GlobalSection(SolutionConfigurationPlatforms) = preSolution
		Debug|Any CPU = Debug|Any CPU
		Release|Any CPU = Release|Any CPU
	EndGlobalSection
	GlobalSection(ProjectConfigurationPlatforms) = postSolution
		{1DA2C7F2-D366-4C98-9EED-05B3B3545459}.Debug|Any CPU.ActiveCfg = Debug|Any CPU
		{1DA2C7F2-D366-4C98-9EED-05B3B3545459}.Debug|Any CPU.Build.0 = Debug|Any CPU
		{1DA2C7F2-D366-4C98-9EED-05B3B3545459}.Release|Any CPU.ActiveCfg = Release|Any CPU
		{1DA2C7F2-D366-4C98-9EED-05B3B3545459}.Release|Any CPU.Build.0 = Release|Any CPU
	EndGlobalSection
	GlobalSection(SolutionProperties) = preSolution
		HideSolutionNode = FALSE
	EndGlobalSection
	GlobalSection(ExtensibilityGlobals) = postSolution
		SolutionGuid = {6D8902A9-A9B5-4303-A99A-75C960C402E4}
	EndGlobalSection
EndGlobal
